
Microsoft Visual Studio Solution File, Format Version 12.00
# Visual Studio Version 16
VisualStudioVersion = 16.0.31515.178
MinimumVisualStudioVersion = 10.0.40219.1
Project("{FAE04EC0-301F-11D3-BF4B-00C04F79EFBC}") = "Online-Auction", "Online-Auction.csproj", "{025C5AE7-981A-4156-827D-B98056D16A4F}"
EndProject
Project("{FAE04EC0-301F-11D3-BF4B-00C04F79EFBC}") = "Online-Auction.BusinessLayer", "..\Online-Auction.BusinessLayer\Online-Auction.BusinessLayer.csproj", "{71481D6B-0CC2-4C0A-A16A-939E46832680}"
EndProject
Project("{FAE04EC0-301F-11D3-BF4B-00C04F79EFBC}") = "Online-Auction.DataLayer", "..\Online-Auction.DataLayer\Online-Auction.DataLayer.csproj", "{01A899EB-9591-4C0E-86B8-C0741772A1A5}"
EndProject
Project("{FAE04EC0-301F-11D3-BF4B-00C04F79EFBC}") = "Online-Auction.Entities", "..\Online-Auction.Entities\Online-Auction.Entities.csproj", "{DA255EA1-A302-49BB-982D-9C95985FF6FF}"
EndProject
Project("{FAE04EC0-301F-11D3-BF4B-00C04F79EFBC}") = "Online-Auction.Tests", "..\Online-Auction.Tests\Online-Auction.Tests.csproj", "{3BACE0AD-4D8A-4A88-A855-9518717223B7}"
EndProject
Global
	GlobalSection(SolutionConfigurationPlatforms) = preSolution
		Debug|Any CPU = Debug|Any CPU
		Release|Any CPU = Release|Any CPU
	EndGlobalSection
	GlobalSection(ProjectConfigurationPlatforms) = postSolution
		{025C5AE7-981A-4156-827D-B98056D16A4F}.Debug|Any CPU.ActiveCfg = Debug|Any CPU
		{025C5AE7-981A-4156-827D-B98056D16A4F}.Debug|Any CPU.Build.0 = Debug|Any CPU
		{025C5AE7-981A-4156-827D-B98056D16A4F}.Release|Any CPU.ActiveCfg = Release|Any CPU
		{025C5AE7-981A-4156-827D-B98056D16A4F}.Release|Any CPU.Build.0 = Release|Any CPU
		{71481D6B-0CC2-4C0A-A16A-939E46832680}.Debug|Any CPU.ActiveCfg = Debug|Any CPU
		{71481D6B-0CC2-4C0A-A16A-939E46832680}.Debug|Any CPU.Build.0 = Debug|Any CPU
		{71481D6B-0CC2-4C0A-A16A-939E46832680}.Release|Any CPU.ActiveCfg = Release|Any CPU
		{71481D6B-0CC2-4C0A-A16A-939E46832680}.Release|Any CPU.Build.0 = Release|Any CPU
		{01A899EB-9591-4C0E-86B8-C0741772A1A5}.Debug|Any CPU.ActiveCfg = Debug|Any CPU
		{01A899EB-9591-4C0E-86B8-C0741772A1A5}.Debug|Any CPU.Build.0 = Debug|Any CPU
		{01A899EB-9591-4C0E-86B8-C0741772A1A5}.Release|Any CPU.ActiveCfg = Release|Any CPU
		{01A899EB-9591-4C0E-86B8-C0741772A1A5}.Release|Any CPU.Build.0 = Release|Any CPU
		{DA255EA1-A302-49BB-982D-9C95985FF6FF}.Debug|Any CPU.ActiveCfg = Debug|Any CPU
		{DA255EA1-A302-49BB-982D-9C95985FF6FF}.Debug|Any CPU.Build.0 = Debug|Any CPU
		{DA255EA1-A302-49BB-982D-9C95985FF6FF}.Release|Any CPU.ActiveCfg = Release|Any CPU
		{DA255EA1-A302-49BB-982D-9C95985FF6FF}.Release|Any CPU.Build.0 = Release|Any CPU
		{3BACE0AD-4D8A-4A88-A855-9518717223B7}.Debug|Any CPU.ActiveCfg = Debug|Any CPU
		{3BACE0AD-4D8A-4A88-A855-9518717223B7}.Debug|Any CPU.Build.0 = Debug|Any CPU
		{3BACE0AD-4D8A-4A88-A855-9518717223B7}.Release|Any CPU.ActiveCfg = Release|Any CPU
		{3BACE0AD-4D8A-4A88-A855-9518717223B7}.Release|Any CPU.Build.0 = Release|Any CPU
	EndGlobalSection
	GlobalSection(SolutionProperties) = preSolution
		HideSolutionNode = FALSE
	EndGlobalSection
	GlobalSection(ExtensibilityGlobals) = postSolution
		SolutionGuid = {075F6277-A713-4330-9A03-5A92659A9838}
	EndGlobalSection
EndGlobal
